
Microsoft Visual Studio Solution File, Format Version 12.00
# Visual Studio Version 17
VisualStudioVersion = 17.7.34221.43
MinimumVisualStudioVersion = 10.0.40219.1
Project("{FAE04EC0-301F-11D3-BF4B-00C04F79EFBC}") = "Collections", "Collections\Collections.csproj", "{E5B0130D-93E5-4EEE-AF26-3087FC8D3D7F}"
EndProject
Project("{FAE04EC0-301F-11D3-BF4B-00C04F79EFBC}") = "HashTable", "HashTable\HashTable.csproj", "{4504F420-4AF6-47F1-9CC5-3C4689C32AEE}"
EndProject
Project("{FAE04EC0-301F-11D3-BF4B-00C04F79EFBC}") = "Generics", "Generics\Generics.csproj", "{409A47D9-D547-4D57-97BC-4665E9DD039A}"
EndProject
Global
	GlobalSection(SolutionConfigurationPlatforms) = preSolution
		Debug|Any CPU = Debug|Any CPU
		Release|Any CPU = Release|Any CPU
	EndGlobalSection
	GlobalSection(ProjectConfigurationPlatforms) = postSolution
		{E5B0130D-93E5-4EEE-AF26-3087FC8D3D7F}.Debug|Any CPU.ActiveCfg = Debug|Any CPU
		{E5B0130D-93E5-4EEE-AF26-3087FC8D3D7F}.Debug|Any CPU.Build.0 = Debug|Any CPU
		{E5B0130D-93E5-4EEE-AF26-3087FC8D3D7F}.Release|Any CPU.ActiveCfg = Release|Any CPU
		{E5B0130D-93E5-4EEE-AF26-3087FC8D3D7F}.Release|Any CPU.Build.0 = Release|Any CPU
		{4504F420-4AF6-47F1-9CC5-3C4689C32AEE}.Debug|Any CPU.ActiveCfg = Debug|Any CPU
		{4504F420-4AF6-47F1-9CC5-3C4689C32AEE}.Debug|Any CPU.Build.0 = Debug|Any CPU
		{4504F420-4AF6-47F1-9CC5-3C4689C32AEE}.Release|Any CPU.ActiveCfg = Release|Any CPU
		{4504F420-4AF6-47F1-9CC5-3C4689C32AEE}.Release|Any CPU.Build.0 = Release|Any CPU
		{409A47D9-D547-4D57-97BC-4665E9DD039A}.Debug|Any CPU.ActiveCfg = Debug|Any CPU
		{409A47D9-D547-4D57-97BC-4665E9DD039A}.Debug|Any CPU.Build.0 = Debug|Any CPU
		{409A47D9-D547-4D57-97BC-4665E9DD039A}.Release|Any CPU.ActiveCfg = Release|Any CPU
		{409A47D9-D547-4D57-97BC-4665E9DD039A}.Release|Any CPU.Build.0 = Release|Any CPU
	EndGlobalSection
	GlobalSection(SolutionProperties) = preSolution
		HideSolutionNode = FALSE
	EndGlobalSection
	GlobalSection(ExtensibilityGlobals) = postSolution
		SolutionGuid = {8786CD82-425F-4AF8-930C-767982AC57DB}
	EndGlobalSection
EndGlobal
